
Microsoft Visual Studio Solution File, Format Version 12.00
# Visual Studio 2012
Project("{F2A71F9B-5D33-465A-A702-920D77279786}") = "QuickJump", "QuickJump\QuickJump.fsproj", "{8EF39ECC-F94D-44E1-A82E-6772EF80EAF5}"
EndProject
Global
	GlobalSection(SolutionConfigurationPlatforms) = preSolution
		Debug|Any CPU = Debug|Any CPU
		Release|Any CPU = Release|Any CPU
	EndGlobalSection
	GlobalSection(ProjectConfigurationPlatforms) = postSolution
		{8EF39ECC-F94D-44E1-A82E-6772EF80EAF5}.Debug|Any CPU.ActiveCfg = Debug|Any CPU
		{8EF39ECC-F94D-44E1-A82E-6772EF80EAF5}.Debug|Any CPU.Build.0 = Debug|Any CPU
		{8EF39ECC-F94D-44E1-A82E-6772EF80EAF5}.Release|Any CPU.ActiveCfg = Release|Any CPU
		{8EF39ECC-F94D-44E1-A82E-6772EF80EAF5}.Release|Any CPU.Build.0 = Release|Any CPU
	EndGlobalSection
EndGlobal
